<?xml version="1.0" encoding="utf-8"?>
<Project ToolsVersion="4.0" xmlns="http://schemas.microsoft.com/developer/msbuild/2003">
  <ItemGroup>
    <Filter Include="Inc">
      <UniqueIdentifier>{7c35fa12-b35f-4e4d-a338-7288ffb736bb}</UniqueIdentifier>
      <Extensions>h;hpp;hxx;hm;inl;inc;xsd</Extensions>
    </Filter>
    <Filter Include="Src">
      <UniqueIdentifier>{4FC737F1-C7A5-4376-A066-2A32D752A2FF}</UniqueIdentifier>
      <Extensions>cpp;c;cxx;def;odl;idl;hpj;bat;asm;asmx</Extensions>
    </Filter>
  </ItemGroup>
  <ItemGroup>
    <ClInclude Include="Src\OpenGLRenderInterface.h">
      <Filter>Src</Filter>
    </ClInclude>
    <ClInclude Include="Src\OpenGLRenderDevice.h">
      <Filter>Src</Filter>
    </ClInclude>
    <ClInclude Include="Src\OpenGLResource.h">
      <Filter>Src</Filter>
    </ClInclude>
    <ClInclude Include="Src\Shader.h">
      <Filter>Src</Filter>
    </ClInclude>
    <ClInclude Include="Src\ShaderGenerator.h">
      <Filter>Src</Filter>
    </ClInclude>
  </ItemGroup>
  <ItemGroup>
    <ClCompile Include="Src\OpenGLRenderInterface.cpp">
      <Filter>Src</Filter>
    </ClCompile>
    <ClCompile Include="Src\OpenGLRenderDevice.cpp">
      <Filter>Src</Filter>
    </ClCompile>
    <ClCompile Include="Src\OpenGLMaterial.cpp">
      <Filter>Src</Filter>
    </ClCompile>
    <ClCompile Include="Src\OpenGLResource.cpp">
      <Filter>Src</Filter>
    </ClCompile>
    <ClCompile Include="Src\Shader.cpp">
      <Filter>Src</Filter>
    </ClCompile>
    <ClCompile Include="Src\ShaderConversion.cpp">
      <Filter>Src</Filter>
    </ClCompile>
    <ClCompile Include="Src\ShaderGenerator.cpp">
      <Filter>Src</Filter>
    </ClCompile>
  </ItemGroup>
</Project>