<?xml version="1.0" encoding="utf-8"?>
<Project ToolsVersion="4.0" xmlns="http://schemas.microsoft.com/developer/msbuild/2003">
  <ItemGroup>
    <Filter Include="Inc">
      <UniqueIdentifier>{4FC737F1-C7A5-4376-A066-2A32D752A2FF}</UniqueIdentifier>
      <Extensions>h;hpp;hxx;hm;inl;inc;xsd</Extensions>
    </Filter>
    <Filter Include="Src">
      <UniqueIdentifier>{93995380-89BD-4b04-88EB-625FBE52EBFB}</UniqueIdentifier>
      <Extensions>cpp;c;cxx;def;odl;idl;hpj;bat;asm;asmx</Extensions>
    </Filter>
  </ItemGroup>
  <ItemGroup>
    <ClInclude Include="Inc\ModMPGame.h">
      <Filter>Inc</Filter>
    </ClInclude>
    <ClInclude Include="Inc\ModMPGameClasses.h">
      <Filter>Inc</Filter>
    </ClInclude>
    <ClInclude Include="Src\ModMPGamePrivate.h">
      <Filter>Src</Filter>
    </ClInclude>
  </ItemGroup>
  <ItemGroup>
    <ClCompile Include="Src\ModMPGame.cpp">
      <Filter>Src</Filter>
    </ClCompile>
    <ClCompile Include="Src\ModMPGameClasses.cpp">
      <Filter>Src</Filter>
    </ClCompile>
  </ItemGroup>
</Project>