Microsoft Visual Studio Solution File, Format Version 12.00
# Visual Studio Version 17
VisualStudioVersion = 17.9.34616.47
MinimumVisualStudioVersion = 10.0.40219.1
Project("{8BC9CEB8-8B4A-11D0-8D11-00A0C91BC942}") = "UCC", "UCC\UCC.vcxproj", "{D7878929-5402-468A-811D-1591523609F3}"
EndProject
Project("{8BC9CEB8-8B4A-11D0-8D11-00A0C91BC942}") = "ModMPGame", "ModMPGame\ModMPGame.vcxproj", "{3A82AC95-BDB6-47A5-B768-5EAD0B0B5BCC}"
EndProject
Project("{8BC9CEB8-8B4A-11D0-8D11-00A0C91BC942}") = "Mod", "Mod\Mod.vcxproj", "{1CC1AEAC-23DE-45FE-BCAB-0D899862B46B}"
EndProject
Project("{8BC9CEB8-8B4A-11D0-8D11-00A0C91BC942}") = "CT", "CT\CT.vcxproj", "{310A9512-7E05-47B2-B6D6-83B4E16A0BD4}"
EndProject
Project("{8BC9CEB8-8B4A-11D0-8D11-00A0C91BC942}") = "OpenGLDrv", "OpenGLDrv\OpenGLDrv.vcxproj", "{68C68EE8-4288-4A30-BB3E-DAFE06822014}"
EndProject
Project("{8BC9CEB8-8B4A-11D0-8D11-00A0C91BC942}") = "ModEd", "ModEd\ModEd.vcxproj", "{850AFA87-7944-4441-8A7A-D1712AF6D1D0}"
EndProject
Global
	GlobalSection(SolutionConfigurationPlatforms) = preSolution
		Debug|x86 = Debug|x86
		Release|x86 = Release|x86
	EndGlobalSection
	GlobalSection(ProjectConfigurationPlatforms) = postSolution
		{D7878929-5402-468A-811D-1591523609F3}.Debug|x86.ActiveCfg = Debug|Win32
		{D7878929-5402-468A-811D-1591523609F3}.Debug|x86.Build.0 = Debug|Win32
		{D7878929-5402-468A-811D-1591523609F3}.Release|x86.ActiveCfg = Release|Win32
		{D7878929-5402-468A-811D-1591523609F3}.Release|x86.Build.0 = Release|Win32
		{3A82AC95-BDB6-47A5-B768-5EAD0B0B5BCC}.Debug|x86.ActiveCfg = Debug|Win32
		{3A82AC95-BDB6-47A5-B768-5EAD0B0B5BCC}.Debug|x86.Build.0 = Debug|Win32
		{3A82AC95-BDB6-47A5-B768-5EAD0B0B5BCC}.Release|x86.ActiveCfg = Release|Win32
		{3A82AC95-BDB6-47A5-B768-5EAD0B0B5BCC}.Release|x86.Build.0 = Release|Win32
		{1CC1AEAC-23DE-45FE-BCAB-0D899862B46B}.Debug|x86.ActiveCfg = Debug|Win32
		{1CC1AEAC-23DE-45FE-BCAB-0D899862B46B}.Debug|x86.Build.0 = Debug|Win32
		{1CC1AEAC-23DE-45FE-BCAB-0D899862B46B}.Release|x86.ActiveCfg = Release|Win32
		{1CC1AEAC-23DE-45FE-BCAB-0D899862B46B}.Release|x86.Build.0 = Release|Win32
		{310A9512-7E05-47B2-B6D6-83B4E16A0BD4}.Debug|x86.ActiveCfg = Debug|Win32
		{310A9512-7E05-47B2-B6D6-83B4E16A0BD4}.Debug|x86.Build.0 = Debug|Win32
		{310A9512-7E05-47B2-B6D6-83B4E16A0BD4}.Release|x86.ActiveCfg = Release|Win32
		{310A9512-7E05-47B2-B6D6-83B4E16A0BD4}.Release|x86.Build.0 = Release|Win32
		{68C68EE8-4288-4A30-BB3E-DAFE06822014}.Debug|x86.ActiveCfg = Debug|Win32
		{68C68EE8-4288-4A30-BB3E-DAFE06822014}.Debug|x86.Build.0 = Debug|Win32
		{68C68EE8-4288-4A30-BB3E-DAFE06822014}.Release|x86.ActiveCfg = Release|Win32
		{68C68EE8-4288-4A30-BB3E-DAFE06822014}.Release|x86.Build.0 = Release|Win32
		{850AFA87-7944-4441-8A7A-D1712AF6D1D0}.Debug|x86.ActiveCfg = Debug|Win32
		{850AFA87-7944-4441-8A7A-D1712AF6D1D0}.Debug|x86.Build.0 = Debug|Win32
		{850AFA87-7944-4441-8A7A-D1712AF6D1D0}.Release|x86.ActiveCfg = Release|Win32
		{850AFA87-7944-4441-8A7A-D1712AF6D1D0}.Release|x86.Build.0 = Release|Win32
	EndGlobalSection
	GlobalSection(SolutionProperties) = preSolution
		HideSolutionNode = FALSE
	EndGlobalSection
	GlobalSection(ExtensibilityGlobals) = postSolution
		SolutionGuid = {D3061CD8-F518-4775-9751-E5A9F2B17627}
	EndGlobalSection
EndGlobal
